// !$*UTF8*$!
{
	archiveVersion = 1;
	classes = {
	};
	objectVersion = 50;
	objects = {

/* Begin PBXBuildFile section */
		88473892219928E10025A694 /* CJProgressChartViewController.xib in Resources */ = {isa = PBXBuildFile; fileRef = 8847388F219928E00025A694 /* CJProgressChartViewController.xib */; };
		88473893219928E10025A694 /* CJProgressChartViewController.m in Sources */ = {isa = PBXBuildFile; fileRef = 88473890219928E10025A694 /* CJProgressChartViewController.m */; };
		886CE14021942CD2005E85D3 /* CJRootViewController.m in Sources */ = {isa = PBXBuildFile; fileRef = 886CE13E21942CD2005E85D3 /* CJRootViewController.m */; };
		886CE14121942CD2005E85D3 /* CJRootViewController.xib in Resources */ = {isa = PBXBuildFile; fileRef = 886CE13F21942CD2005E85D3 /* CJRootViewController.xib */; };
		8872AD172190478A00CEE403 /* AppDelegate.m in Sources */ = {isa = PBXBuildFile; fileRef = 8872AD162190478A00CEE403 /* AppDelegate.m */; };
		8872AD1D2190478A00CEE403 /* Main.storyboard in Resources */ = {isa = PBXBuildFile; fileRef = 8872AD1B2190478A00CEE403 /* Main.storyboard */; };
		8872AD1F2190478D00CEE403 /* Assets.xcassets in Resources */ = {isa = PBXBuildFile; fileRef = 8872AD1E2190478D00CEE403 /* Assets.xcassets */; };
		8872AD222190478D00CEE403 /* LaunchScreen.storyboard in Resources */ = {isa = PBXBuildFile; fileRef = 8872AD202190478D00CEE403 /* LaunchScreen.storyboard */; };
		8872AD252190478D00CEE403 /* main.m in Sources */ = {isa = PBXBuildFile; fileRef = 8872AD242190478D00CEE403 /* main.m */; };
		8872AD2F2190478D00CEE403 /* CJChartExampleTests.m in Sources */ = {isa = PBXBuildFile; fileRef = 8872AD2E2190478D00CEE403 /* CJChartExampleTests.m */; };
		8872AD3A2190478D00CEE403 /* CJChartExampleUITests.m in Sources */ = {isa = PBXBuildFile; fileRef = 8872AD392190478D00CEE403 /* CJChartExampleUITests.m */; };
		8872AD5221904A6D00CEE403 /* CJLineChartView.m in Sources */ = {isa = PBXBuildFile; fileRef = 8872AD4921904A6D00CEE403 /* CJLineChartView.m */; };
		8872AD5621904A6D00CEE403 /* CJProgressChartView.m in Sources */ = {isa = PBXBuildFile; fileRef = 8872AD5021904A6D00CEE403 /* CJProgressChartView.m */; };
		88E287912193EAE100103059 /* CJProgressChartTableViewCell.m in Sources */ = {isa = PBXBuildFile; fileRef = 88E287882193EAE100103059 /* CJProgressChartTableViewCell.m */; };
		88E287932193EAE100103059 /* CJPieChartViewController.xib in Resources */ = {isa = PBXBuildFile; fileRef = 88E2878B2193EAE100103059 /* CJPieChartViewController.xib */; };
		88E287942193EAE100103059 /* CJProgressChartTableViewCell.xib in Resources */ = {isa = PBXBuildFile; fileRef = 88E2878C2193EAE100103059 /* CJProgressChartTableViewCell.xib */; };
		88E287952193EAE100103059 /* CJPieChartViewController.m in Sources */ = {isa = PBXBuildFile; fileRef = 88E2878E2193EAE100103059 /* CJPieChartViewController.m */; };
		AB194D182418985800DD12EF /* CJRoseChartView.m in Sources */ = {isa = PBXBuildFile; fileRef = AB194D172418985800DD12EF /* CJRoseChartView.m */; };
		AB194D1B2418986C00DD12EF /* CJRoseChartModel.m in Sources */ = {isa = PBXBuildFile; fileRef = AB194D1A2418986C00DD12EF /* CJRoseChartModel.m */; };
		AB3B580C24122ED0003AD66F /* CJPieChartView.m in Sources */ = {isa = PBXBuildFile; fileRef = AB3B580B24122ED0003AD66F /* CJPieChartView.m */; };
		AB6D325124194F64009B9247 /* CJNightRoseViewController.m in Sources */ = {isa = PBXBuildFile; fileRef = AB6D325024194F64009B9247 /* CJNightRoseViewController.m */; };
		AB6EEEE4241A798F00B85EB0 /* PieHoopChart.gif in Resources */ = {isa = PBXBuildFile; fileRef = AB6EEEE0241A798F00B85EB0 /* PieHoopChart.gif */; };
		AB6EEEE5241A798F00B85EB0 /* PieChart.gif in Resources */ = {isa = PBXBuildFile; fileRef = AB6EEEE1241A798F00B85EB0 /* PieChart.gif */; };
		AB6EEEE6241A798F00B85EB0 /* RoseChart.gif in Resources */ = {isa = PBXBuildFile; fileRef = AB6EEEE2241A798F00B85EB0 /* RoseChart.gif */; };
		AB6EEEE7241A798F00B85EB0 /* ProgressChart.gif in Resources */ = {isa = PBXBuildFile; fileRef = AB6EEEE3241A798F00B85EB0 /* ProgressChart.gif */; };
		ABB87DDE2412221F0021DAE9 /* CJPieChartModel.m in Sources */ = {isa = PBXBuildFile; fileRef = ABB87DDD2412221F0021DAE9 /* CJPieChartModel.m */; };
		ABB87DE4241224910021DAE9 /* CJLineChartModel.m in Sources */ = {isa = PBXBuildFile; fileRef = ABB87DE3241224910021DAE9 /* CJLineChartModel.m */; };
		ABB87DE824122BFA0021DAE9 /* CJProgressChartModel.m in Sources */ = {isa = PBXBuildFile; fileRef = ABB87DE724122BFA0021DAE9 /* CJProgressChartModel.m */; };
		ABCBB8602431C4CF00FBFAC2 /* CJColumnarChartView.m in Sources */ = {isa = PBXBuildFile; fileRef = ABCBB85F2431C4CF00FBFAC2 /* CJColumnarChartView.m */; };
		ABCBB8632431C54D00FBFAC2 /* CJColumnarChartModel.m in Sources */ = {isa = PBXBuildFile; fileRef = ABCBB8622431C54D00FBFAC2 /* CJColumnarChartModel.m */; };
		ABCBB8682431D82F00FBFAC2 /* CJPieView.m in Sources */ = {isa = PBXBuildFile; fileRef = ABCBB8672431D82F00FBFAC2 /* CJPieView.m */; };
/* End PBXBuildFile section */

/* Begin PBXContainerItemProxy section */
		8872AD2B2190478D00CEE403 /* PBXContainerItemProxy */ = {
			isa = PBXContainerItemProxy;
			containerPortal = 8872AD0A2190478A00CEE403 /* Project object */;
			proxyType = 1;
			remoteGlobalIDString = 8872AD112190478A00CEE403;
			remoteInfo = CJChartExample;
		};
		8872AD362190478D00CEE403 /* PBXContainerItemProxy */ = {
			isa = PBXContainerItemProxy;
			containerPortal = 8872AD0A2190478A00CEE403 /* Project object */;
			proxyType = 1;
			remoteGlobalIDString = 8872AD112190478A00CEE403;
			remoteInfo = CJChartExample;
		};
/* End PBXContainerItemProxy section */

/* Begin PBXFileReference section */
		8847388F219928E00025A694 /* CJProgressChartViewController.xib */ = {isa = PBXFileReference; fileEncoding = 4; lastKnownFileType = file.xib; path = CJProgressChartViewController.xib; sourceTree = "<group>"; };
		88473890219928E10025A694 /* CJProgressChartViewController.m */ = {isa = PBXFileReference; fileEncoding = 4; lastKnownFileType = sourcecode.c.objc; path = CJProgressChartViewController.m; sourceTree = "<group>"; };
		88473891219928E10025A694 /* CJProgressChartViewController.h */ = {isa = PBXFileReference; fileEncoding = 4; lastKnownFileType = sourcecode.c.h; path = CJProgressChartViewController.h; sourceTree = "<group>"; };
		886CE13D21942CD2005E85D3 /* CJRootViewController.h */ = {isa = PBXFileReference; lastKnownFileType = sourcecode.c.h; path = CJRootViewController.h; sourceTree = "<group>"; };
		886CE13E21942CD2005E85D3 /* CJRootViewController.m */ = {isa = PBXFileReference; lastKnownFileType = sourcecode.c.objc; path = CJRootViewController.m; sourceTree = "<group>"; };
		886CE13F21942CD2005E85D3 /* CJRootViewController.xib */ = {isa = PBXFileReference; lastKnownFileType = file.xib; path = CJRootViewController.xib; sourceTree = "<group>"; };
		8872AD122190478A00CEE403 /* CJChartExample.app */ = {isa = PBXFileReference; explicitFileType = wrapper.application; includeInIndex = 0; path = CJChartExample.app; sourceTree = BUILT_PRODUCTS_DIR; };
		8872AD152190478A00CEE403 /* AppDelegate.h */ = {isa = PBXFileReference; lastKnownFileType = sourcecode.c.h; path = AppDelegate.h; sourceTree = "<group>"; };
		8872AD162190478A00CEE403 /* AppDelegate.m */ = {isa = PBXFileReference; lastKnownFileType = sourcecode.c.objc; path = AppDelegate.m; sourceTree = "<group>"; };
		8872AD1C2190478A00CEE403 /* Base */ = {isa = PBXFileReference; lastKnownFileType = file.storyboard; name = Base; path = Base.lproj/Main.storyboard; sourceTree = "<group>"; };
		8872AD1E2190478D00CEE403 /* Assets.xcassets */ = {isa = PBXFileReference; lastKnownFileType = folder.assetcatalog; path = Assets.xcassets; sourceTree = "<group>"; };
		8872AD212190478D00CEE403 /* Base */ = {isa = PBXFileReference; lastKnownFileType = file.storyboard; name = Base; path = Base.lproj/LaunchScreen.storyboard; sourceTree = "<group>"; };
		8872AD232190478D00CEE403 /* Info.plist */ = {isa = PBXFileReference; lastKnownFileType = text.plist.xml; path = Info.plist; sourceTree = "<group>"; };
		8872AD242190478D00CEE403 /* main.m */ = {isa = PBXFileReference; lastKnownFileType = sourcecode.c.objc; path = main.m; sourceTree = "<group>"; };
		8872AD2A2190478D00CEE403 /* CJChartExampleTests.xctest */ = {isa = PBXFileReference; explicitFileType = wrapper.cfbundle; includeInIndex = 0; path = CJChartExampleTests.xctest; sourceTree = BUILT_PRODUCTS_DIR; };
		8872AD2E2190478D00CEE403 /* CJChartExampleTests.m */ = {isa = PBXFileReference; lastKnownFileType = sourcecode.c.objc; path = CJChartExampleTests.m; sourceTree = "<group>"; };
		8872AD302190478D00CEE403 /* Info.plist */ = {isa = PBXFileReference; lastKnownFileType = text.plist.xml; path = Info.plist; sourceTree = "<group>"; };
		8872AD352190478D00CEE403 /* CJChartExampleUITests.xctest */ = {isa = PBXFileReference; explicitFileType = wrapper.cfbundle; includeInIndex = 0; path = CJChartExampleUITests.xctest; sourceTree = BUILT_PRODUCTS_DIR; };
		8872AD392190478D00CEE403 /* CJChartExampleUITests.m */ = {isa = PBXFileReference; lastKnownFileType = sourcecode.c.objc; path = CJChartExampleUITests.m; sourceTree = "<group>"; };
		8872AD3B2190478D00CEE403 /* Info.plist */ = {isa = PBXFileReference; lastKnownFileType = text.plist.xml; path = Info.plist; sourceTree = "<group>"; };
		8872AD4821904A6D00CEE403 /* CJLineChartView.h */ = {isa = PBXFileReference; fileEncoding = 4; lastKnownFileType = sourcecode.c.h; path = CJLineChartView.h; sourceTree = "<group>"; };
		8872AD4921904A6D00CEE403 /* CJLineChartView.m */ = {isa = PBXFileReference; fileEncoding = 4; lastKnownFileType = sourcecode.c.objc; path = CJLineChartView.m; sourceTree = "<group>"; };
		8872AD4B21904A6D00CEE403 /* CJProgressChartView.h */ = {isa = PBXFileReference; fileEncoding = 4; lastKnownFileType = sourcecode.c.h; path = CJProgressChartView.h; sourceTree = "<group>"; };
		8872AD5021904A6D00CEE403 /* CJProgressChartView.m */ = {isa = PBXFileReference; fileEncoding = 4; lastKnownFileType = sourcecode.c.objc; path = CJProgressChartView.m; sourceTree = "<group>"; };
		88E287882193EAE100103059 /* CJProgressChartTableViewCell.m */ = {isa = PBXFileReference; fileEncoding = 4; lastKnownFileType = sourcecode.c.objc; path = CJProgressChartTableViewCell.m; sourceTree = "<group>"; };
		88E287892193EAE100103059 /* CJPieChartViewController.h */ = {isa = PBXFileReference; fileEncoding = 4; lastKnownFileType = sourcecode.c.h; path = CJPieChartViewController.h; sourceTree = "<group>"; };
		88E2878B2193EAE100103059 /* CJPieChartViewController.xib */ = {isa = PBXFileReference; fileEncoding = 4; lastKnownFileType = file.xib; path = CJPieChartViewController.xib; sourceTree = "<group>"; };
		88E2878C2193EAE100103059 /* CJProgressChartTableViewCell.xib */ = {isa = PBXFileReference; fileEncoding = 4; lastKnownFileType = file.xib; path = CJProgressChartTableViewCell.xib; sourceTree = "<group>"; };
		88E2878E2193EAE100103059 /* CJPieChartViewController.m */ = {isa = PBXFileReference; fileEncoding = 4; lastKnownFileType = sourcecode.c.objc; path = CJPieChartViewController.m; sourceTree = "<group>"; };
		88E2878F2193EAE100103059 /* CJProgressChartTableViewCell.h */ = {isa = PBXFileReference; fileEncoding = 4; lastKnownFileType = sourcecode.c.h; path = CJProgressChartTableViewCell.h; sourceTree = "<group>"; };
		88E287992193EC2500103059 /* CJChartHeader.h */ = {isa = PBXFileReference; lastKnownFileType = sourcecode.c.h; path = CJChartHeader.h; sourceTree = "<group>"; };
		AB0BCD112416955F0071885D /* CJPieChartDelegate.h */ = {isa = PBXFileReference; lastKnownFileType = sourcecode.c.h; path = CJPieChartDelegate.h; sourceTree = "<group>"; };
		AB194D162418985800DD12EF /* CJRoseChartView.h */ = {isa = PBXFileReference; lastKnownFileType = sourcecode.c.h; path = CJRoseChartView.h; sourceTree = "<group>"; };
		AB194D172418985800DD12EF /* CJRoseChartView.m */ = {isa = PBXFileReference; lastKnownFileType = sourcecode.c.objc; path = CJRoseChartView.m; sourceTree = "<group>"; };
		AB194D192418986C00DD12EF /* CJRoseChartModel.h */ = {isa = PBXFileReference; lastKnownFileType = sourcecode.c.h; path = CJRoseChartModel.h; sourceTree = "<group>"; };
		AB194D1A2418986C00DD12EF /* CJRoseChartModel.m */ = {isa = PBXFileReference; lastKnownFileType = sourcecode.c.objc; path = CJRoseChartModel.m; sourceTree = "<group>"; };
		AB3B580A24122ED0003AD66F /* CJPieChartView.h */ = {isa = PBXFileReference; lastKnownFileType = sourcecode.c.h; path = CJPieChartView.h; sourceTree = "<group>"; };
		AB3B580B24122ED0003AD66F /* CJPieChartView.m */ = {isa = PBXFileReference; lastKnownFileType = sourcecode.c.objc; path = CJPieChartView.m; sourceTree = "<group>"; };
		AB6D324D241915FE009B9247 /* CJChartParallelDefinition.h */ = {isa = PBXFileReference; lastKnownFileType = sourcecode.c.h; path = CJChartParallelDefinition.h; sourceTree = "<group>"; };
		AB6D324F24194F64009B9247 /* CJNightRoseViewController.h */ = {isa = PBXFileReference; lastKnownFileType = sourcecode.c.h; path = CJNightRoseViewController.h; sourceTree = "<group>"; };
		AB6D325024194F64009B9247 /* CJNightRoseViewController.m */ = {isa = PBXFileReference; lastKnownFileType = sourcecode.c.objc; path = CJNightRoseViewController.m; sourceTree = "<group>"; };
		AB6EEEE0241A798F00B85EB0 /* PieHoopChart.gif */ = {isa = PBXFileReference; lastKnownFileType = image.gif; path = PieHoopChart.gif; sourceTree = "<group>"; };
		AB6EEEE1241A798F00B85EB0 /* PieChart.gif */ = {isa = PBXFileReference; lastKnownFileType = image.gif; path = PieChart.gif; sourceTree = "<group>"; };
		AB6EEEE2241A798F00B85EB0 /* RoseChart.gif */ = {isa = PBXFileReference; lastKnownFileType = image.gif; path = RoseChart.gif; sourceTree = "<group>"; };
		AB6EEEE3241A798F00B85EB0 /* ProgressChart.gif */ = {isa = PBXFileReference; lastKnownFileType = image.gif; path = ProgressChart.gif; sourceTree = "<group>"; };
		ABB87DDC2412221F0021DAE9 /* CJPieChartModel.h */ = {isa = PBXFileReference; lastKnownFileType = sourcecode.c.h; path = CJPieChartModel.h; sourceTree = "<group>"; };
		ABB87DDD2412221F0021DAE9 /* CJPieChartModel.m */ = {isa = PBXFileReference; lastKnownFileType = sourcecode.c.objc; path = CJPieChartModel.m; sourceTree = "<group>"; };
		ABB87DE2241224910021DAE9 /* CJLineChartModel.h */ = {isa = PBXFileReference; lastKnownFileType = sourcecode.c.h; path = CJLineChartModel.h; sourceTree = "<group>"; };
		ABB87DE3241224910021DAE9 /* CJLineChartModel.m */ = {isa = PBXFileReference; lastKnownFileType = sourcecode.c.objc; path = CJLineChartModel.m; sourceTree = "<group>"; };
		ABB87DE5241225B30021DAE9 /* CJChartPrefixHeader.pch */ = {isa = PBXFileReference; lastKnownFileType = sourcecode.c.h; path = CJChartPrefixHeader.pch; sourceTree = "<group>"; };
		ABB87DE624122BFA0021DAE9 /* CJProgressChartModel.h */ = {isa = PBXFileReference; fileEncoding = 4; lastKnownFileType = sourcecode.c.h; path = CJProgressChartModel.h; sourceTree = "<group>"; };
		ABB87DE724122BFA0021DAE9 /* CJProgressChartModel.m */ = {isa = PBXFileReference; fileEncoding = 4; lastKnownFileType = sourcecode.c.objc; path = CJProgressChartModel.m; sourceTree = "<group>"; };
		ABCBB85E2431C4CF00FBFAC2 /* CJColumnarChartView.h */ = {isa = PBXFileReference; lastKnownFileType = sourcecode.c.h; path = CJColumnarChartView.h; sourceTree = "<group>"; };
		ABCBB85F2431C4CF00FBFAC2 /* CJColumnarChartView.m */ = {isa = PBXFileReference; lastKnownFileType = sourcecode.c.objc; path = CJColumnarChartView.m; sourceTree = "<group>"; };
		ABCBB8612431C54D00FBFAC2 /* CJColumnarChartModel.h */ = {isa = PBXFileReference; lastKnownFileType = sourcecode.c.h; path = CJColumnarChartModel.h; sourceTree = "<group>"; };
		ABCBB8622431C54D00FBFAC2 /* CJColumnarChartModel.m */ = {isa = PBXFileReference; lastKnownFileType = sourcecode.c.objc; path = CJColumnarChartModel.m; sourceTree = "<group>"; };
		ABCBB8642431D45400FBFAC2 /* CJColumnarChartDelegate.h */ = {isa = PBXFileReference; lastKnownFileType = sourcecode.c.h; path = CJColumnarChartDelegate.h; sourceTree = "<group>"; };
		ABCBB8662431D82F00FBFAC2 /* CJPieView.h */ = {isa = PBXFileReference; lastKnownFileType = sourcecode.c.h; path = CJPieView.h; sourceTree = "<group>"; };
		ABCBB8672431D82F00FBFAC2 /* CJPieView.m */ = {isa = PBXFileReference; lastKnownFileType = sourcecode.c.objc; path = CJPieView.m; sourceTree = "<group>"; };
/* End PBXFileReference section */

/* Begin PBXFrameworksBuildPhase section */
		8872AD0F2190478A00CEE403 /* Frameworks */ = {
			isa = PBXFrameworksBuildPhase;
			buildActionMask = 2147483647;
			files = (
			);
			runOnlyForDeploymentPostprocessing = 0;
		};
		8872AD272190478D00CEE403 /* Frameworks */ = {
			isa = PBXFrameworksBuildPhase;
			buildActionMask = 2147483647;
			files = (
			);
			runOnlyForDeploymentPostprocessing = 0;
		};
		8872AD322190478D00CEE403 /* Frameworks */ = {
			isa = PBXFrameworksBuildPhase;
			buildActionMask = 2147483647;
			files = (
			);
			runOnlyForDeploymentPostprocessing = 0;
		};
/* End PBXFrameworksBuildPhase section */

/* Begin PBXGroup section */
		8847389421993D380025A694 /* ZOthers */ = {
			isa = PBXGroup;
			children = (
				8872AD1E2190478D00CEE403 /* Assets.xcassets */,
				ABB87DE5241225B30021DAE9 /* CJChartPrefixHeader.pch */,
				AB6EEEDF241A798F00B85EB0 /* Gallery */,
				8872AD232190478D00CEE403 /* Info.plist */,
				8872AD202190478D00CEE403 /* LaunchScreen.storyboard */,
				8872AD242190478D00CEE403 /* main.m */,
				8872AD1B2190478A00CEE403 /* Main.storyboard */,
			);
			path = ZOthers;
			sourceTree = "<group>";
		};
		8872AD092190478A00CEE403 = {
			isa = PBXGroup;
			children = (
				8872AD472190492C00CEE403 /* CJChartView */,
				8872AD142190478A00CEE403 /* CJChartExample */,
				8872AD2D2190478D00CEE403 /* CJChartExampleTests */,
				8872AD382190478D00CEE403 /* CJChartExampleUITests */,
				8872AD132190478A00CEE403 /* Products */,
			);
			sourceTree = "<group>";
		};
		8872AD132190478A00CEE403 /* Products */ = {
			isa = PBXGroup;
			children = (
				8872AD122190478A00CEE403 /* CJChartExample.app */,
				8872AD2A2190478D00CEE403 /* CJChartExampleTests.xctest */,
				8872AD352190478D00CEE403 /* CJChartExampleUITests.xctest */,
			);
			name = Products;
			sourceTree = "<group>";
		};
		8872AD142190478A00CEE403 /* CJChartExample */ = {
			isa = PBXGroup;
			children = (
				8872AD152190478A00CEE403 /* AppDelegate.h */,
				8872AD162190478A00CEE403 /* AppDelegate.m */,
				886CE13D21942CD2005E85D3 /* CJRootViewController.h */,
				886CE13E21942CD2005E85D3 /* CJRootViewController.m */,
				886CE13F21942CD2005E85D3 /* CJRootViewController.xib */,
				88E287972193EB1500103059 /* PieChart */,
				88E287962193EAF600103059 /* ProgressChart */,
				AB6D324E24194E97009B9247 /* RoseChart */,
				8847389421993D380025A694 /* ZOthers */,
			);
			path = CJChartExample;
			sourceTree = "<group>";
		};
		8872AD2D2190478D00CEE403 /* CJChartExampleTests */ = {
			isa = PBXGroup;
			children = (
				8872AD2E2190478D00CEE403 /* CJChartExampleTests.m */,
				8872AD302190478D00CEE403 /* Info.plist */,
			);
			path = CJChartExampleTests;
			sourceTree = "<group>";
		};
		8872AD382190478D00CEE403 /* CJChartExampleUITests */ = {
			isa = PBXGroup;
			children = (
				8872AD392190478D00CEE403 /* CJChartExampleUITests.m */,
				8872AD3B2190478D00CEE403 /* Info.plist */,
			);
			path = CJChartExampleUITests;
			sourceTree = "<group>";
		};
		8872AD472190492C00CEE403 /* CJChartView */ = {
			isa = PBXGroup;
			children = (
				88E287992193EC2500103059 /* CJChartHeader.h */,
				AB194D1D241899B900DD12EF /* ChartUtils */,
				ABCBB85D2431C45A00FBFAC2 /* ColumnarChartView */,
				ABB87DD924121F9C0021DAE9 /* LineChartView */,
				ABCBB8652431D7B800FBFAC2 /* PieChart */,
				ABB87DDA24121FAD0021DAE9 /* ProgressChartView */,
			);
			path = CJChartView;
			sourceTree = "<group>";
		};
		88E287962193EAF600103059 /* ProgressChart */ = {
			isa = PBXGroup;
			children = (
				88473891219928E10025A694 /* CJProgressChartViewController.h */,
				88473890219928E10025A694 /* CJProgressChartViewController.m */,
				8847388F219928E00025A694 /* CJProgressChartViewController.xib */,
				88E2878F2193EAE100103059 /* CJProgressChartTableViewCell.h */,
				88E287882193EAE100103059 /* CJProgressChartTableViewCell.m */,
				88E2878C2193EAE100103059 /* CJProgressChartTableViewCell.xib */,
			);
			path = ProgressChart;
			sourceTree = "<group>";
		};
		88E287972193EB1500103059 /* PieChart */ = {
			isa = PBXGroup;
			children = (
				88E287892193EAE100103059 /* CJPieChartViewController.h */,
				88E2878E2193EAE100103059 /* CJPieChartViewController.m */,
				88E2878B2193EAE100103059 /* CJPieChartViewController.xib */,
			);
			path = PieChart;
			sourceTree = "<group>";
		};
		AB194D152418982E00DD12EF /* RoseChartView */ = {
			isa = PBXGroup;
			children = (
				AB194D192418986C00DD12EF /* CJRoseChartModel.h */,
				AB194D1A2418986C00DD12EF /* CJRoseChartModel.m */,
				AB194D162418985800DD12EF /* CJRoseChartView.h */,
				AB194D172418985800DD12EF /* CJRoseChartView.m */,
			);
			path = RoseChartView;
			sourceTree = "<group>";
		};
		AB194D1D241899B900DD12EF /* ChartUtils */ = {
			isa = PBXGroup;
			children = (
				AB6D324D241915FE009B9247 /* CJChartParallelDefinition.h */,
				ABCBB8642431D45400FBFAC2 /* CJColumnarChartDelegate.h */,
				AB0BCD112416955F0071885D /* CJPieChartDelegate.h */,
			);
			path = ChartUtils;
			sourceTree = "<group>";
		};
		AB6D324E24194E97009B9247 /* RoseChart */ = {
			isa = PBXGroup;
			children = (
				AB6D324F24194F64009B9247 /* CJNightRoseViewController.h */,
				AB6D325024194F64009B9247 /* CJNightRoseViewController.m */,
			);
			path = RoseChart;
			sourceTree = "<group>";
		};
		AB6EEEDF241A798F00B85EB0 /* Gallery */ = {
			isa = PBXGroup;
			children = (
				AB6EEEE0241A798F00B85EB0 /* PieHoopChart.gif */,
				AB6EEEE1241A798F00B85EB0 /* PieChart.gif */,
				AB6EEEE2241A798F00B85EB0 /* RoseChart.gif */,
				AB6EEEE3241A798F00B85EB0 /* ProgressChart.gif */,
			);
			path = Gallery;
			sourceTree = SOURCE_ROOT;
		};
		ABB87DD824121F6E0021DAE9 /* PieChartView */ = {
			isa = PBXGroup;
			children = (
				ABB87DDC2412221F0021DAE9 /* CJPieChartModel.h */,
				ABB87DDD2412221F0021DAE9 /* CJPieChartModel.m */,
				AB3B580A24122ED0003AD66F /* CJPieChartView.h */,
				AB3B580B24122ED0003AD66F /* CJPieChartView.m */,
			);
			path = PieChartView;
			sourceTree = "<group>";
		};
		ABB87DD924121F9C0021DAE9 /* LineChartView */ = {
			isa = PBXGroup;
			children = (
				ABB87DE2241224910021DAE9 /* CJLineChartModel.h */,
				ABB87DE3241224910021DAE9 /* CJLineChartModel.m */,
				8872AD4821904A6D00CEE403 /* CJLineChartView.h */,
				8872AD4921904A6D00CEE403 /* CJLineChartView.m */,
			);
			path = LineChartView;
			sourceTree = "<group>";
		};
		ABB87DDA24121FAD0021DAE9 /* ProgressChartView */ = {
			isa = PBXGroup;
			children = (
				ABB87DE624122BFA0021DAE9 /* CJProgressChartModel.h */,
				ABB87DE724122BFA0021DAE9 /* CJProgressChartModel.m */,
				8872AD4B21904A6D00CEE403 /* CJProgressChartView.h */,
				8872AD5021904A6D00CEE403 /* CJProgressChartView.m */,
			);
			path = ProgressChartView;
			sourceTree = "<group>";
		};
		ABCBB85D2431C45A00FBFAC2 /* ColumnarChartView */ = {
			isa = PBXGroup;
			children = (
				ABCBB8612431C54D00FBFAC2 /* CJColumnarChartModel.h */,
				ABCBB8622431C54D00FBFAC2 /* CJColumnarChartModel.m */,
				ABCBB85E2431C4CF00FBFAC2 /* CJColumnarChartView.h */,
				ABCBB85F2431C4CF00FBFAC2 /* CJColumnarChartView.m */,
			);
			path = ColumnarChartView;
			sourceTree = "<group>";
		};
		ABCBB8652431D7B800FBFAC2 /* PieChart */ = {
			isa = PBXGroup;
			children = (
				ABCBB8662431D82F00FBFAC2 /* CJPieView.h */,
				ABCBB8672431D82F00FBFAC2 /* CJPieView.m */,
				ABB87DD824121F6E0021DAE9 /* PieChartView */,
				AB194D152418982E00DD12EF /* RoseChartView */,
			);
			path = PieChart;
			sourceTree = "<group>";
		};
/* End PBXGroup section */

/* Begin PBXNativeTarget section */
		8872AD112190478A00CEE403 /* CJChartExample */ = {
			isa = PBXNativeTarget;
			buildConfigurationList = 8872AD3E2190478D00CEE403 /* Build configuration list for PBXNativeTarget "CJChartExample" */;
			buildPhases = (
				8872AD0E2190478A00CEE403 /* Sources */,
				8872AD0F2190478A00CEE403 /* Frameworks */,
				8872AD102190478A00CEE403 /* Resources */,
			);
			buildRules = (
			);
			dependencies = (
			);
			name = CJChartExample;
			productName = CJChartExample;
			productReference = 8872AD122190478A00CEE403 /* CJChartExample.app */;
			productType = "com.apple.product-type.application";
		};
		8872AD292190478D00CEE403 /* CJChartExampleTests */ = {
			isa = PBXNativeTarget;
			buildConfigurationList = 8872AD412190478D00CEE403 /* Build configuration list for PBXNativeTarget "CJChartExampleTests" */;
			buildPhases = (
				8872AD262190478D00CEE403 /* Sources */,
				8872AD272190478D00CEE403 /* Frameworks */,
				8872AD282190478D00CEE403 /* Resources */,
			);
			buildRules = (
			);
			dependencies = (
				8872AD2C2190478D00CEE403 /* PBXTargetDependency */,
			);
			name = CJChartExampleTests;
			productName = CJChartExampleTests;
			productReference = 8872AD2A2190478D00CEE403 /* CJChartExampleTests.xctest */;
			productType = "com.apple.product-type.bundle.unit-test";
		};
		8872AD342190478D00CEE403 /* CJChartExampleUITests */ = {
			isa = PBXNativeTarget;
			buildConfigurationList = 8872AD442190478D00CEE403 /* Build configuration list for PBXNativeTarget "CJChartExampleUITests" */;
			buildPhases = (
				8872AD312190478D00CEE403 /* Sources */,
				8872AD322190478D00CEE403 /* Frameworks */,
				8872AD332190478D00CEE403 /* Resources */,
			);
			buildRules = (
			);
			dependencies = (
				8872AD372190478D00CEE403 /* PBXTargetDependency */,
			);
			name = CJChartExampleUITests;
			productName = CJChartExampleUITests;
			productReference = 8872AD352190478D00CEE403 /* CJChartExampleUITests.xctest */;
			productType = "com.apple.product-type.bundle.ui-testing";
		};
/* End PBXNativeTarget section */

/* Begin PBXProject section */
		8872AD0A2190478A00CEE403 /* Project object */ = {
			isa = PBXProject;
			attributes = {
				CLASSPREFIX = CJ;
				LastUpgradeCheck = 1010;
				ORGANIZATIONNAME = Jonathan;
				TargetAttributes = {
					8872AD112190478A00CEE403 = {
						CreatedOnToolsVersion = 10.1;
					};
					8872AD292190478D00CEE403 = {
						CreatedOnToolsVersion = 10.1;
						TestTargetID = 8872AD112190478A00CEE403;
					};
					8872AD342190478D00CEE403 = {
						CreatedOnToolsVersion = 10.1;
						TestTargetID = 8872AD112190478A00CEE403;
					};
				};
			};
			buildConfigurationList = 8872AD0D2190478A00CEE403 /* Build configuration list for PBXProject "CJChartExample" */;
			compatibilityVersion = "Xcode 9.3";
			developmentRegion = en;
			hasScannedForEncodings = 0;
			knownRegions = (
				en,
				Base,
			);
			mainGroup = 8872AD092190478A00CEE403;
			productRefGroup = 8872AD132190478A00CEE403 /* Products */;
			projectDirPath = "";
			projectRoot = "";
			targets = (
				8872AD112190478A00CEE403 /* CJChartExample */,
				8872AD292190478D00CEE403 /* CJChartExampleTests */,
				8872AD342190478D00CEE403 /* CJChartExampleUITests */,
			);
		};
/* End PBXProject section */

/* Begin PBXResourcesBuildPhase section */
		8872AD102190478A00CEE403 /* Resources */ = {
			isa = PBXResourcesBuildPhase;
			buildActionMask = 2147483647;
			files = (
				AB6EEEE6241A798F00B85EB0 /* RoseChart.gif in Resources */,
				AB6EEEE5241A798F00B85EB0 /* PieChart.gif in Resources */,
				8872AD222190478D00CEE403 /* LaunchScreen.storyboard in Resources */,
				886CE14121942CD2005E85D3 /* CJRootViewController.xib in Resources */,
				AB6EEEE4241A798F00B85EB0 /* PieHoopChart.gif in Resources */,
				8872AD1F2190478D00CEE403 /* Assets.xcassets in Resources */,
				88E287932193EAE100103059 /* CJPieChartViewController.xib in Resources */,
				8872AD1D2190478A00CEE403 /* Main.storyboard in Resources */,
				88473892219928E10025A694 /* CJProgressChartViewController.xib in Resources */,
				88E287942193EAE100103059 /* CJProgressChartTableViewCell.xib in Resources */,
				AB6EEEE7241A798F00B85EB0 /* ProgressChart.gif in Resources */,
			);
			runOnlyForDeploymentPostprocessing = 0;
		};
		8872AD282190478D00CEE403 /* Resources */ = {
			isa = PBXResourcesBuildPhase;
			buildActionMask = 2147483647;
			files = (
			);
			runOnlyForDeploymentPostprocessing = 0;
		};
		8872AD332190478D00CEE403 /* Resources */ = {
			isa = PBXResourcesBuildPhase;
			buildActionMask = 2147483647;
			files = (
			);
			runOnlyForDeploymentPostprocessing = 0;
		};
/* End PBXResourcesBuildPhase section */

/* Begin PBXSourcesBuildPhase section */
		8872AD0E2190478A00CEE403 /* Sources */ = {
			isa = PBXSourcesBuildPhase;
			buildActionMask = 2147483647;
			files = (
				ABCBB8682431D82F00FBFAC2 /* CJPieView.m in Sources */,
				AB194D1B2418986C00DD12EF /* CJRoseChartModel.m in Sources */,
				ABB87DE824122BFA0021DAE9 /* CJProgressChartModel.m in Sources */,
				88E287952193EAE100103059 /* CJPieChartViewController.m in Sources */,
				ABB87DE4241224910021DAE9 /* CJLineChartModel.m in Sources */,
				AB194D182418985800DD12EF /* CJRoseChartView.m in Sources */,
				886CE14021942CD2005E85D3 /* CJRootViewController.m in Sources */,
				88E287912193EAE100103059 /* CJProgressChartTableViewCell.m in Sources */,
				8872AD252190478D00CEE403 /* main.m in Sources */,
				8872AD5221904A6D00CEE403 /* CJLineChartView.m in Sources */,
				8872AD172190478A00CEE403 /* AppDelegate.m in Sources */,
				88473893219928E10025A694 /* CJProgressChartViewController.m in Sources */,
				ABCBB8602431C4CF00FBFAC2 /* CJColumnarChartView.m in Sources */,
				ABB87DDE2412221F0021DAE9 /* CJPieChartModel.m in Sources */,
				8872AD5621904A6D00CEE403 /* CJProgressChartView.m in Sources */,
				AB6D325124194F64009B9247 /* CJNightRoseViewController.m in Sources */,
				AB3B580C24122ED0003AD66F /* CJPieChartView.m in Sources */,
				ABCBB8632431C54D00FBFAC2 /* CJColumnarChartModel.m in Sources */,
			);
			runOnlyForDeploymentPostprocessing = 0;
		};
		8872AD262190478D00CEE403 /* Sources */ = {
			isa = PBXSourcesBuildPhase;
			buildActionMask = 2147483647;
			files = (
				8872AD2F2190478D00CEE403 /* CJChartExampleTests.m in Sources */,
			);
			runOnlyForDeploymentPostprocessing = 0;
		};
		8872AD312190478D00CEE403 /* Sources */ = {
			isa = PBXSourcesBuildPhase;
			buildActionMask = 2147483647;
			files = (
				8872AD3A2190478D00CEE403 /* CJChartExampleUITests.m in Sources */,
			);
			runOnlyForDeploymentPostprocessing = 0;
		};
/* End PBXSourcesBuildPhase section */

/* Begin PBXTargetDependency section */
		8872AD2C2190478D00CEE403 /* PBXTargetDependency */ = {
			isa = PBXTargetDependency;
			target = 8872AD112190478A00CEE403 /* CJChartExample */;
			targetProxy = 8872AD2B2190478D00CEE403 /* PBXContainerItemProxy */;
		};
		8872AD372190478D00CEE403 /* PBXTargetDependency */ = {
			isa = PBXTargetDependency;
			target = 8872AD112190478A00CEE403 /* CJChartExample */;
			targetProxy = 8872AD362190478D00CEE403 /* PBXContainerItemProxy */;
		};
/* End PBXTargetDependency section */

/* Begin PBXVariantGroup section */
		8872AD1B2190478A00CEE403 /* Main.storyboard */ = {
			isa = PBXVariantGroup;
			children = (
				8872AD1C2190478A00CEE403 /* Base */,
			);
			name = Main.storyboard;
			sourceTree = "<group>";
		};
		8872AD202190478D00CEE403 /* LaunchScreen.storyboard */ = {
			isa = PBXVariantGroup;
			children = (
				8872AD212190478D00CEE403 /* Base */,
			);
			name = LaunchScreen.storyboard;
			sourceTree = "<group>";
		};
/* End PBXVariantGroup section */

/* Begin XCBuildConfiguration section */
		8872AD3C2190478D00CEE403 /* Debug */ = {
			isa = XCBuildConfiguration;
			buildSettings = {
				ALWAYS_SEARCH_USER_PATHS = NO;
				CLANG_ANALYZER_NONNULL = YES;
				CLANG_ANALYZER_NUMBER_OBJECT_CONVERSION = YES_AGGRESSIVE;
				CLANG_CXX_LANGUAGE_STANDARD = "gnu++14";
				CLANG_CXX_LIBRARY = "libc++";
				CLANG_ENABLE_MODULES = YES;
				CLANG_ENABLE_OBJC_ARC = YES;
				CLANG_ENABLE_OBJC_WEAK = YES;
				CLANG_WARN_BLOCK_CAPTURE_AUTORELEASING = YES;
				CLANG_WARN_BOOL_CONVERSION = YES;
				CLANG_WARN_COMMA = YES;
				CLANG_WARN_CONSTANT_CONVERSION = YES;
				CLANG_WARN_DEPRECATED_OBJC_IMPLEMENTATIONS = YES;
				CLANG_WARN_DIRECT_OBJC_ISA_USAGE = YES_ERROR;
				CLANG_WARN_DOCUMENTATION_COMMENTS = YES;
				CLANG_WARN_EMPTY_BODY = YES;
				CLANG_WARN_ENUM_CONVERSION = YES;
				CLANG_WARN_INFINITE_RECURSION = YES;
				CLANG_WARN_INT_CONVERSION = YES;
				CLANG_WARN_NON_LITERAL_NULL_CONVERSION = YES;
				CLANG_WARN_OBJC_IMPLICIT_RETAIN_SELF = YES;
				CLANG_WARN_OBJC_LITERAL_CONVERSION = YES;
				CLANG_WARN_OBJC_ROOT_CLASS = YES_ERROR;
				CLANG_WARN_RANGE_LOOP_ANALYSIS = YES;
				CLANG_WARN_STRICT_PROTOTYPES = YES;
				CLANG_WARN_SUSPICIOUS_MOVE = YES;
				CLANG_WARN_UNGUARDED_AVAILABILITY = YES_AGGRESSIVE;
				CLANG_WARN_UNREACHABLE_CODE = YES;
				CLANG_WARN__DUPLICATE_METHOD_MATCH = YES;
				CODE_SIGN_IDENTITY = "iPhone Developer";
				COPY_PHASE_STRIP = NO;
				DEBUG_INFORMATION_FORMAT = dwarf;
				ENABLE_STRICT_OBJC_MSGSEND = YES;
				ENABLE_TESTABILITY = YES;
				GCC_C_LANGUAGE_STANDARD = gnu11;
				GCC_DYNAMIC_NO_PIC = NO;
				GCC_NO_COMMON_BLOCKS = YES;
				GCC_OPTIMIZATION_LEVEL = 0;
				GCC_PREPROCESSOR_DEFINITIONS = (
					"DEBUG=1",
					"$(inherited)",
				);
				GCC_WARN_64_TO_32_BIT_CONVERSION = YES;
				GCC_WARN_ABOUT_RETURN_TYPE = YES_ERROR;
				GCC_WARN_UNDECLARED_SELECTOR = YES;
				GCC_WARN_UNINITIALIZED_AUTOS = YES_AGGRESSIVE;
				GCC_WARN_UNUSED_FUNCTION = YES;
				GCC_WARN_UNUSED_VARIABLE = YES;
				IPHONEOS_DEPLOYMENT_TARGET = 12.1;
				MTL_ENABLE_DEBUG_INFO = INCLUDE_SOURCE;
				MTL_FAST_MATH = YES;
				ONLY_ACTIVE_ARCH = YES;
				SDKROOT = iphoneos;
			};
			name = Debug;
		};
		8872AD3D2190478D00CEE403 /* Release */ = {
			isa = XCBuildConfiguration;
			buildSettings = {
				ALWAYS_SEARCH_USER_PATHS = NO;
				CLANG_ANALYZER_NONNULL = YES;
				CLANG_ANALYZER_NUMBER_OBJECT_CONVERSION = YES_AGGRESSIVE;
				CLANG_CXX_LANGUAGE_STANDARD = "gnu++14";
				CLANG_CXX_LIBRARY = "libc++";
				CLANG_ENABLE_MODULES = YES;
				CLANG_ENABLE_OBJC_ARC = YES;
				CLANG_ENABLE_OBJC_WEAK = YES;
				CLANG_WARN_BLOCK_CAPTURE_AUTORELEASING = YES;
				CLANG_WARN_BOOL_CONVERSION = YES;
				CLANG_WARN_COMMA = YES;
				CLANG_WARN_CONSTANT_CONVERSION = YES;
				CLANG_WARN_DEPRECATED_OBJC_IMPLEMENTATIONS = YES;
				CLANG_WARN_DIRECT_OBJC_ISA_USAGE = YES_ERROR;
				CLANG_WARN_DOCUMENTATION_COMMENTS = YES;
				CLANG_WARN_EMPTY_BODY = YES;
				CLANG_WARN_ENUM_CONVERSION = YES;
				CLANG_WARN_INFINITE_RECURSION = YES;
				CLANG_WARN_INT_CONVERSION = YES;
				CLANG_WARN_NON_LITERAL_NULL_CONVERSION = YES;
				CLANG_WARN_OBJC_IMPLICIT_RETAIN_SELF = YES;
				CLANG_WARN_OBJC_LITERAL_CONVERSION = YES;
				CLANG_WARN_OBJC_ROOT_CLASS = YES_ERROR;
				CLANG_WARN_RANGE_LOOP_ANALYSIS = YES;
				CLANG_WARN_STRICT_PROTOTYPES = YES;
				CLANG_WARN_SUSPICIOUS_MOVE = YES;
				CLANG_WARN_UNGUARDED_AVAILABILITY = YES_AGGRESSIVE;
				CLANG_WARN_UNREACHABLE_CODE = YES;
				CLANG_WARN__DUPLICATE_METHOD_MATCH = YES;
				CODE_SIGN_IDENTITY = "iPhone Developer";
				COPY_PHASE_STRIP = NO;
				DEBUG_INFORMATION_FORMAT = "dwarf-with-dsym";
				ENABLE_NS_ASSERTIONS = NO;
				ENABLE_STRICT_OBJC_MSGSEND = YES;
				GCC_C_LANGUAGE_STANDARD = gnu11;
				GCC_NO_COMMON_BLOCKS = YES;
				GCC_WARN_64_TO_32_BIT_CONVERSION = YES;
				GCC_WARN_ABOUT_RETURN_TYPE = YES_ERROR;
				GCC_WARN_UNDECLARED_SELECTOR = YES;
				GCC_WARN_UNINITIALIZED_AUTOS = YES_AGGRESSIVE;
				GCC_WARN_UNUSED_FUNCTION = YES;
				GCC_WARN_UNUSED_VARIABLE = YES;
				IPHONEOS_DEPLOYMENT_TARGET = 12.1;
				MTL_ENABLE_DEBUG_INFO = NO;
				MTL_FAST_MATH = YES;
				SDKROOT = iphoneos;
				VALIDATE_PRODUCT = YES;
			};
			name = Release;
		};
		8872AD3F2190478D00CEE403 /* Debug */ = {
			isa = XCBuildConfiguration;
			buildSettings = {
				ASSETCATALOG_COMPILER_APPICON_NAME = AppIcon;
				CODE_SIGN_STYLE = Automatic;
				DEVELOPMENT_TEAM = 2CFGBUHSFA;
				GCC_PREFIX_HEADER = CJChartExample/ZOthers/CJChartPrefixHeader.pch;
				INFOPLIST_FILE = "$(SRCROOT)/CJChartExample/ZOthers/Info.plist";
				IPHONEOS_DEPLOYMENT_TARGET = 9.0;
				LD_RUNPATH_SEARCH_PATHS = (
					"$(inherited)",
					"@executable_path/Frameworks",
				);
				PRODUCT_BUNDLE_IDENTIFIER = com.circus.CJChartExample;
				PRODUCT_NAME = "$(TARGET_NAME)";
				TARGETED_DEVICE_FAMILY = 1;
			};
			name = Debug;
		};
		8872AD402190478D00CEE403 /* Release */ = {
			isa = XCBuildConfiguration;
			buildSettings = {
				ASSETCATALOG_COMPILER_APPICON_NAME = AppIcon;
				CODE_SIGN_STYLE = Automatic;
				DEVELOPMENT_TEAM = 2CFGBUHSFA;
				GCC_PREFIX_HEADER = CJChartExample/ZOthers/CJChartPrefixHeader.pch;
				INFOPLIST_FILE = "$(SRCROOT)/CJChartExample/ZOthers/Info.plist";
				IPHONEOS_DEPLOYMENT_TARGET = 9.0;
				LD_RUNPATH_SEARCH_PATHS = (
					"$(inherited)",
					"@executable_path/Frameworks",
				);
				PRODUCT_BUNDLE_IDENTIFIER = com.circus.CJChartExample;
				PRODUCT_NAME = "$(TARGET_NAME)";
				TARGETED_DEVICE_FAMILY = 1;
			};
			name = Release;
		};
		8872AD422190478D00CEE403 /* Debug */ = {
			isa = XCBuildConfiguration;
			buildSettings = {
				BUNDLE_LOADER = "$(TEST_HOST)";
				CODE_SIGN_STYLE = Automatic;
				INFOPLIST_FILE = CJChartExampleTests/Info.plist;
				LD_RUNPATH_SEARCH_PATHS = (
					"$(inherited)",
					"@executable_path/Frameworks",
					"@loader_path/Frameworks",
				);
				PRODUCT_BUNDLE_IDENTIFIER = com.circus.CJChartExampleTests;
				PRODUCT_NAME = "$(TARGET_NAME)";
				TARGETED_DEVICE_FAMILY = "1,2";
				TEST_HOST = "$(BUILT_PRODUCTS_DIR)/CJChartExample.app/CJChartExample";
			};
			name = Debug;
		};
		8872AD432190478D00CEE403 /* Release */ = {
			isa = XCBuildConfiguration;
			buildSettings = {
				BUNDLE_LOADER = "$(TEST_HOST)";
				CODE_SIGN_STYLE = Automatic;
				INFOPLIST_FILE = CJChartExampleTests/Info.plist;
				LD_RUNPATH_SEARCH_PATHS = (
					"$(inherited)",
					"@executable_path/Frameworks",
					"@loader_path/Frameworks",
				);
				PRODUCT_BUNDLE_IDENTIFIER = com.circus.CJChartExampleTests;
				PRODUCT_NAME = "$(TARGET_NAME)";
				TARGETED_DEVICE_FAMILY = "1,2";
				TEST_HOST = "$(BUILT_PRODUCTS_DIR)/CJChartExample.app/CJChartExample";
			};
			name = Release;
		};
		8872AD452190478D00CEE403 /* Debug */ = {
			isa = XCBuildConfiguration;
			buildSettings = {
				CODE_SIGN_STYLE = Automatic;
				INFOPLIST_FILE = CJChartExampleUITests/Info.plist;
				LD_RUNPATH_SEARCH_PATHS = (
					"$(inherited)",
					"@executable_path/Frameworks",
					"@loader_path/Frameworks",
				);
				PRODUCT_BUNDLE_IDENTIFIER = com.circus.CJChartExampleUITests;
				PRODUCT_NAME = "$(TARGET_NAME)";
				TARGETED_DEVICE_FAMILY = "1,2";
				TEST_TARGET_NAME = CJChartExample;
			};
			name = Debug;
		};
		8872AD462190478D00CEE403 /* Release */ = {
			isa = XCBuildConfiguration;
			buildSettings = {
				CODE_SIGN_STYLE = Automatic;
				INFOPLIST_FILE = CJChartExampleUITests/Info.plist;
				LD_RUNPATH_SEARCH_PATHS = (
					"$(inherited)",
					"@executable_path/Frameworks",
					"@loader_path/Frameworks",
				);
				PRODUCT_BUNDLE_IDENTIFIER = com.circus.CJChartExampleUITests;
				PRODUCT_NAME = "$(TARGET_NAME)";
				TARGETED_DEVICE_FAMILY = "1,2";
				TEST_TARGET_NAME = CJChartExample;
			};
			name = Release;
		};
/* End XCBuildConfiguration section */

/* Begin XCConfigurationList section */
		8872AD0D2190478A00CEE403 /* Build configuration list for PBXProject "CJChartExample" */ = {
			isa = XCConfigurationList;
			buildConfigurations = (
				8872AD3C2190478D00CEE403 /* Debug */,
				8872AD3D2190478D00CEE403 /* Release */,
			);
			defaultConfigurationIsVisible = 0;
			defaultConfigurationName = Release;
		};
		8872AD3E2190478D00CEE403 /* Build configuration list for PBXNativeTarget "CJChartExample" */ = {
			isa = XCConfigurationList;
			buildConfigurations = (
				8872AD3F2190478D00CEE403 /* Debug */,
				8872AD402190478D00CEE403 /* Release */,
			);
			defaultConfigurationIsVisible = 0;
			defaultConfigurationName = Release;
		};
		8872AD412190478D00CEE403 /* Build configuration list for PBXNativeTarget "CJChartExampleTests" */ = {
			isa = XCConfigurationList;
			buildConfigurations = (
				8872AD422190478D00CEE403 /* Debug */,
				8872AD432190478D00CEE403 /* Release */,
			);
			defaultConfigurationIsVisible = 0;
			defaultConfigurationName = Release;
		};
		8872AD442190478D00CEE403 /* Build configuration list for PBXNativeTarget "CJChartExampleUITests" */ = {
			isa = XCConfigurationList;
			buildConfigurations = (
				8872AD452190478D00CEE403 /* Debug */,
				8872AD462190478D00CEE403 /* Release */,
			);
			defaultConfigurationIsVisible = 0;
			defaultConfigurationName = Release;
		};
/* End XCConfigurationList section */
	};
	rootObject = 8872AD0A2190478A00CEE403 /* Project object */;
}
